
Microsoft Visual Studio Solution File, Format Version 12.00
# Visual Studio Version 16
VisualStudioVersion = 16.0.28729.10
MinimumVisualStudioVersion = 10.0.40219.1
Project("{FAE04EC0-301F-11D3-BF4B-00C04F79EFBC}") = "BasicHelloWorld", "BasicHelloWorld\BasicHelloWorld.csproj", "{B12860B4-5288-4FD6-95E4-60F67837B403}"
EndProject
Global
	GlobalSection(SolutionConfigurationPlatforms) = preSolution
		Debug|Any CPU = Debug|Any CPU
		Release|Any CPU = Release|Any CPU
	EndGlobalSection
	GlobalSection(ProjectConfigurationPlatforms) = postSolution
		{B12860B4-5288-4FD6-95E4-60F67837B403}.Debug|Any CPU.ActiveCfg = Debug|Any CPU
		{B12860B4-5288-4FD6-95E4-60F67837B403}.Debug|Any CPU.Build.0 = Debug|Any CPU
		{B12860B4-5288-4FD6-95E4-60F67837B403}.Release|Any CPU.ActiveCfg = Release|Any CPU
		{B12860B4-5288-4FD6-95E4-60F67837B403}.Release|Any CPU.Build.0 = Release|Any CPU
	EndGlobalSection
	GlobalSection(SolutionProperties) = preSolution
		HideSolutionNode = FALSE
	EndGlobalSection
	GlobalSection(ExtensibilityGlobals) = postSolution
		SolutionGuid = {6F0BF400-FB88-4CB3-9EA5-2739220F33E3}
	EndGlobalSection
EndGlobal
